
Microsoft Visual Studio Solution File, Format Version 12.00
# Visual Studio Version 16
VisualStudioVersion = 16.0.31112.23
MinimumVisualStudioVersion = 10.0.40219.1
Project("{FAE04EC0-301F-11D3-BF4B-00C04F79EFBC}") = "LA.CmdSigning", "LA.CmdSigning\LA.CmdSigning.csproj", "{14EA7BD9-59EF-467E-8CCB-FF675B470422}"
EndProject
Project("{FAE04EC0-301F-11D3-BF4B-00C04F79EFBC}") = "CmdSigningClient", "CmdSigningClient\CmdSigningClient.csproj", "{6ABEEE09-7D92-4B2A-8A35-2F41F17C757E}"
EndProject
Global
	GlobalSection(SolutionConfigurationPlatforms) = preSolution
		Debug|Any CPU = Debug|Any CPU
		Release|Any CPU = Release|Any CPU
	EndGlobalSection
	GlobalSection(ProjectConfigurationPlatforms) = postSolution
		{14EA7BD9-59EF-467E-8CCB-FF675B470422}.Debug|Any CPU.ActiveCfg = Debug|Any CPU
		{14EA7BD9-59EF-467E-8CCB-FF675B470422}.Debug|Any CPU.Build.0 = Debug|Any CPU
		{14EA7BD9-59EF-467E-8CCB-FF675B470422}.Release|Any CPU.ActiveCfg = Release|Any CPU
		{14EA7BD9-59EF-467E-8CCB-FF675B470422}.Release|Any CPU.Build.0 = Release|Any CPU
		{6ABEEE09-7D92-4B2A-8A35-2F41F17C757E}.Debug|Any CPU.ActiveCfg = Debug|Any CPU
		{6ABEEE09-7D92-4B2A-8A35-2F41F17C757E}.Debug|Any CPU.Build.0 = Debug|Any CPU
		{6ABEEE09-7D92-4B2A-8A35-2F41F17C757E}.Release|Any CPU.ActiveCfg = Release|Any CPU
		{6ABEEE09-7D92-4B2A-8A35-2F41F17C757E}.Release|Any CPU.Build.0 = Release|Any CPU
	EndGlobalSection
	GlobalSection(SolutionProperties) = preSolution
		HideSolutionNode = FALSE
	EndGlobalSection
	GlobalSection(ExtensibilityGlobals) = postSolution
		SolutionGuid = {E9DA3CC7-DA4E-4190-BD06-A8A8559836BE}
	EndGlobalSection
EndGlobal
